{
  "name": "containership.plugin.metrics",
  "version": "1.0.0",
  "dependencies": {
    "containership.plugin": {
      "version": "0.3.0",
      "from": "containership.plugin@>=0.3.0 <0.4.0",
      "resolved": "http://registry.npmjs.org/containership.plugin/-/containership.plugin-0.3.0.tgz"
    },
    "lodash": {
      "version": "3.10.1",
      "from": "lodash@>=3.0.0 <4.0.0",
      "resolved": "https://registry.npmjs.org/lodash/-/lodash-3.10.1.tgz"
    }
  }
}
